// !$*UTF8*$!
{
	archiveVersion = 1;
	classes = {
	};
	objectVersion = 46;
	objects = {

/* Begin PBXBuildFile section */
		7B11CB2D1BAE906200E15E74 /* AppDelegate.swift in Sources */ = {isa = PBXBuildFile; fileRef = 7B11CB2C1BAE906200E15E74 /* AppDelegate.swift */; };
		7B11CB2F1BAE906200E15E74 /* ViewController.swift in Sources */ = {isa = PBXBuildFile; fileRef = 7B11CB2E1BAE906200E15E74 /* ViewController.swift */; };
		7B11CB321BAE906200E15E74 /* Main.storyboard in Resources */ = {isa = PBXBuildFile; fileRef = 7B11CB301BAE906200E15E74 /* Main.storyboard */; };
		7B11CB341BAE906200E15E74 /* Assets.xcassets in Resources */ = {isa = PBXBuildFile; fileRef = 7B11CB331BAE906200E15E74 /* Assets.xcassets */; };
		7B11CB371BAE906200E15E74 /* LaunchScreen.storyboard in Resources */ = {isa = PBXBuildFile; fileRef = 7B11CB351BAE906200E15E74 /* LaunchScreen.storyboard */; };
		7B11CB421BAE906200E15E74 /* ExamplesUITests.swift in Sources */ = {isa = PBXBuildFile; fileRef = 7B11CB411BAE906200E15E74 /* ExamplesUITests.swift */; };
		7B11CB4D1BAE90A800E15E74 /* Teacher.swift in Sources */ = {isa = PBXBuildFile; fileRef = 7B11CB4C1BAE90A800E15E74 /* Teacher.swift */; settings = {ASSET_TAGS = (); }; };
		7B11CB571BAE91DB00E15E74 /* Student.swift in Sources */ = {isa = PBXBuildFile; fileRef = 7B11CB561BAE91DB00E15E74 /* Student.swift */; settings = {ASSET_TAGS = (); }; };
/* End PBXBuildFile section */

/* Begin PBXContainerItemProxy section */
		7B11CB3E1BAE906200E15E74 /* PBXContainerItemProxy */ = {
			isa = PBXContainerItemProxy;
			containerPortal = 7B11CB211BAE906200E15E74 /* Project object */;
			proxyType = 1;
			remoteGlobalIDString = 7B11CB281BAE906200E15E74;
			remoteInfo = Examples;
		};
		7B11CB521BAE912100E15E74 /* PBXContainerItemProxy */ = {
			isa = PBXContainerItemProxy;
			containerPortal = 7B11CB4E1BAE912100E15E74 /* JSONModel.xcodeproj */;
			proxyType = 2;
			remoteGlobalIDString = 7BC8933A1BAD33600071F281;
			remoteInfo = JSONModel;
		};
		7B11CB541BAE912A00E15E74 /* PBXContainerItemProxy */ = {
			isa = PBXContainerItemProxy;
			containerPortal = 7B11CB4E1BAE912100E15E74 /* JSONModel.xcodeproj */;
			proxyType = 1;
			remoteGlobalIDString = 7BC893391BAD33600071F281;
			remoteInfo = JSONModel;
		};
/* End PBXContainerItemProxy section */

/* Begin PBXFileReference section */
		7B11CB291BAE906200E15E74 /* Examples.app */ = {isa = PBXFileReference; explicitFileType = wrapper.application; includeInIndex = 0; path = Examples.app; sourceTree = BUILT_PRODUCTS_DIR; };
		7B11CB2C1BAE906200E15E74 /* AppDelegate.swift */ = {isa = PBXFileReference; lastKnownFileType = sourcecode.swift; path = AppDelegate.swift; sourceTree = "<group>"; };
		7B11CB2E1BAE906200E15E74 /* ViewController.swift */ = {isa = PBXFileReference; lastKnownFileType = sourcecode.swift; path = ViewController.swift; sourceTree = "<group>"; };
		7B11CB311BAE906200E15E74 /* Base */ = {isa = PBXFileReference; lastKnownFileType = file.storyboard; name = Base; path = Base.lproj/Main.storyboard; sourceTree = "<group>"; };
		7B11CB331BAE906200E15E74 /* Assets.xcassets */ = {isa = PBXFileReference; lastKnownFileType = folder.assetcatalog; path = Assets.xcassets; sourceTree = "<group>"; };
		7B11CB361BAE906200E15E74 /* Base */ = {isa = PBXFileReference; lastKnownFileType = file.storyboard; name = Base; path = Base.lproj/LaunchScreen.storyboard; sourceTree = "<group>"; };
		7B11CB381BAE906200E15E74 /* Info.plist */ = {isa = PBXFileReference; lastKnownFileType = text.plist.xml; path = Info.plist; sourceTree = "<group>"; };
		7B11CB3D1BAE906200E15E74 /* ExamplesUITests.xctest */ = {isa = PBXFileReference; explicitFileType = wrapper.cfbundle; includeInIndex = 0; path = ExamplesUITests.xctest; sourceTree = BUILT_PRODUCTS_DIR; };
		7B11CB411BAE906200E15E74 /* ExamplesUITests.swift */ = {isa = PBXFileReference; lastKnownFileType = sourcecode.swift; path = ExamplesUITests.swift; sourceTree = "<group>"; };
		7B11CB431BAE906200E15E74 /* Info.plist */ = {isa = PBXFileReference; lastKnownFileType = text.plist.xml; path = Info.plist; sourceTree = "<group>"; };
		7B11CB4C1BAE90A800E15E74 /* Teacher.swift */ = {isa = PBXFileReference; fileEncoding = 4; lastKnownFileType = sourcecode.swift; path = Teacher.swift; sourceTree = "<group>"; };
		7B11CB4E1BAE912100E15E74 /* JSONModel.xcodeproj */ = {isa = PBXFileReference; lastKnownFileType = "wrapper.pb-project"; name = JSONModel.xcodeproj; path = ../JSONModel/JSONModel.xcodeproj; sourceTree = "<group>"; };
		7B11CB561BAE91DB00E15E74 /* Student.swift */ = {isa = PBXFileReference; fileEncoding = 4; lastKnownFileType = sourcecode.swift; path = Student.swift; sourceTree = "<group>"; };
/* End PBXFileReference section */

/* Begin PBXFrameworksBuildPhase section */
		7B11CB261BAE906200E15E74 /* Frameworks */ = {
			isa = PBXFrameworksBuildPhase;
			buildActionMask = 2147483647;
			files = (
			);
			runOnlyForDeploymentPostprocessing = 0;
		};
		7B11CB3A1BAE906200E15E74 /* Frameworks */ = {
			isa = PBXFrameworksBuildPhase;
			buildActionMask = 2147483647;
			files = (
			);
			runOnlyForDeploymentPostprocessing = 0;
		};
/* End PBXFrameworksBuildPhase section */

/* Begin PBXGroup section */
		7B11CB201BAE906200E15E74 = {
			isa = PBXGroup;
			children = (
				7B11CB4E1BAE912100E15E74 /* JSONModel.xcodeproj */,
				7B11CB2B1BAE906200E15E74 /* Examples */,
				7B11CB401BAE906200E15E74 /* ExamplesUITests */,
				7B11CB2A1BAE906200E15E74 /* Products */,
			);
			sourceTree = "<group>";
		};
		7B11CB2A1BAE906200E15E74 /* Products */ = {
			isa = PBXGroup;
			children = (
				7B11CB291BAE906200E15E74 /* Examples.app */,
				7B11CB3D1BAE906200E15E74 /* ExamplesUITests.xctest */,
			);
			name = Products;
			sourceTree = "<group>";
		};
		7B11CB2B1BAE906200E15E74 /* Examples */ = {
			isa = PBXGroup;
			children = (
				7B11CB2C1BAE906200E15E74 /* AppDelegate.swift */,
				7B11CB2E1BAE906200E15E74 /* ViewController.swift */,
				7B11CB301BAE906200E15E74 /* Main.storyboard */,
				7B11CB331BAE906200E15E74 /* Assets.xcassets */,
				7B11CB351BAE906200E15E74 /* LaunchScreen.storyboard */,
				7B11CB381BAE906200E15E74 /* Info.plist */,
				7B11CB4C1BAE90A800E15E74 /* Teacher.swift */,
				7B11CB561BAE91DB00E15E74 /* Student.swift */,
			);
			path = Examples;
			sourceTree = "<group>";
		};
		7B11CB401BAE906200E15E74 /* ExamplesUITests */ = {
			isa = PBXGroup;
			children = (
				7B11CB411BAE906200E15E74 /* ExamplesUITests.swift */,
				7B11CB431BAE906200E15E74 /* Info.plist */,
			);
			path = ExamplesUITests;
			sourceTree = "<group>";
		};
		7B11CB4F1BAE912100E15E74 /* Products */ = {
			isa = PBXGroup;
			children = (
				7B11CB531BAE912100E15E74 /* JSONModel.framework */,
			);
			name = Products;
			sourceTree = "<group>";
		};
/* End PBXGroup section */

/* Begin PBXNativeTarget section */
		7B11CB281BAE906200E15E74 /* Examples */ = {
			isa = PBXNativeTarget;
			buildConfigurationList = 7B11CB461BAE906200E15E74 /* Build configuration list for PBXNativeTarget "Examples" */;
			buildPhases = (
				7B11CB251BAE906200E15E74 /* Sources */,
				7B11CB261BAE906200E15E74 /* Frameworks */,
				7B11CB271BAE906200E15E74 /* Resources */,
			);
			buildRules = (
			);
			dependencies = (
				7B11CB551BAE912A00E15E74 /* PBXTargetDependency */,
			);
			name = Examples;
			productName = Examples;
			productReference = 7B11CB291BAE906200E15E74 /* Examples.app */;
			productType = "com.apple.product-type.application";
		};
		7B11CB3C1BAE906200E15E74 /* ExamplesUITests */ = {
			isa = PBXNativeTarget;
			buildConfigurationList = 7B11CB491BAE906200E15E74 /* Build configuration list for PBXNativeTarget "ExamplesUITests" */;
			buildPhases = (
				7B11CB391BAE906200E15E74 /* Sources */,
				7B11CB3A1BAE906200E15E74 /* Frameworks */,
				7B11CB3B1BAE906200E15E74 /* Resources */,
			);
			buildRules = (
			);
			dependencies = (
				7B11CB3F1BAE906200E15E74 /* PBXTargetDependency */,
			);
			name = ExamplesUITests;
			productName = ExamplesUITests;
			productReference = 7B11CB3D1BAE906200E15E74 /* ExamplesUITests.xctest */;
			productType = "com.apple.product-type.bundle.ui-testing";
		};
/* End PBXNativeTarget section */

/* Begin PBXProject section */
		7B11CB211BAE906200E15E74 /* Project object */ = {
			isa = PBXProject;
			attributes = {
				LastUpgradeCheck = 0700;
				ORGANIZATIONNAME = JustinTan;
				TargetAttributes = {
					7B11CB281BAE906200E15E74 = {
						CreatedOnToolsVersion = 7.0;
					};
					7B11CB3C1BAE906200E15E74 = {
						CreatedOnToolsVersion = 7.0;
						TestTargetID = 7B11CB281BAE906200E15E74;
					};
				};
			};
			buildConfigurationList = 7B11CB241BAE906200E15E74 /* Build configuration list for PBXProject "Examples" */;
			compatibilityVersion = "Xcode 3.2";
			developmentRegion = English;
			hasScannedForEncodings = 0;
			knownRegions = (
				en,
				Base,
			);
			mainGroup = 7B11CB201BAE906200E15E74;
			productRefGroup = 7B11CB2A1BAE906200E15E74 /* Products */;
			projectDirPath = "";
			projectReferences = (
				{
					ProductGroup = 7B11CB4F1BAE912100E15E74 /* Products */;
					ProjectRef = 7B11CB4E1BAE912100E15E74 /* JSONModel.xcodeproj */;
				},
			);
			projectRoot = "";
			targets = (
				7B11CB281BAE906200E15E74 /* Examples */,
				7B11CB3C1BAE906200E15E74 /* ExamplesUITests */,
			);
		};
/* End PBXProject section */

/* Begin PBXReferenceProxy section */
		7B11CB531BAE912100E15E74 /* JSONModel.framework */ = {
			isa = PBXReferenceProxy;
			fileType = wrapper.framework;
			path = JSONModel.framework;
			remoteRef = 7B11CB521BAE912100E15E74 /* PBXContainerItemProxy */;
			sourceTree = BUILT_PRODUCTS_DIR;
		};
/* End PBXReferenceProxy section */

/* Begin PBXResourcesBuildPhase section */
		7B11CB271BAE906200E15E74 /* Resources */ = {
			isa = PBXResourcesBuildPhase;
			buildActionMask = 2147483647;
			files = (
				7B11CB371BAE906200E15E74 /* LaunchScreen.storyboard in Resources */,
				7B11CB341BAE906200E15E74 /* Assets.xcassets in Resources */,
				7B11CB321BAE906200E15E74 /* Main.storyboard in Resources */,
			);
			runOnlyForDeploymentPostprocessing = 0;
		};
		7B11CB3B1BAE906200E15E74 /* Resources */ = {
			isa = PBXResourcesBuildPhase;
			buildActionMask = 2147483647;
			files = (
			);
			runOnlyForDeploymentPostprocessing = 0;
		};
/* End PBXResourcesBuildPhase section */

/* Begin PBXSourcesBuildPhase section */
		7B11CB251BAE906200E15E74 /* Sources */ = {
			isa = PBXSourcesBuildPhase;
			buildActionMask = 2147483647;
			files = (
				7B11CB4D1BAE90A800E15E74 /* Teacher.swift in Sources */,
				7B11CB2F1BAE906200E15E74 /* ViewController.swift in Sources */,
				7B11CB2D1BAE906200E15E74 /* AppDelegate.swift in Sources */,
				7B11CB571BAE91DB00E15E74 /* Student.swift in Sources */,
			);
			runOnlyForDeploymentPostprocessing = 0;
		};
		7B11CB391BAE906200E15E74 /* Sources */ = {
			isa = PBXSourcesBuildPhase;
			buildActionMask = 2147483647;
			files = (
				7B11CB421BAE906200E15E74 /* ExamplesUITests.swift in Sources */,
			);
			runOnlyForDeploymentPostprocessing = 0;
		};
/* End PBXSourcesBuildPhase section */

/* Begin PBXTargetDependency section */
		7B11CB3F1BAE906200E15E74 /* PBXTargetDependency */ = {
			isa = PBXTargetDependency;
			target = 7B11CB281BAE906200E15E74 /* Examples */;
			targetProxy = 7B11CB3E1BAE906200E15E74 /* PBXContainerItemProxy */;
		};
		7B11CB551BAE912A00E15E74 /* PBXTargetDependency */ = {
			isa = PBXTargetDependency;
			name = JSONModel;
			targetProxy = 7B11CB541BAE912A00E15E74 /* PBXContainerItemProxy */;
		};
/* End PBXTargetDependency section */

/* Begin PBXVariantGroup section */
		7B11CB301BAE906200E15E74 /* Main.storyboard */ = {
			isa = PBXVariantGroup;
			children = (
				7B11CB311BAE906200E15E74 /* Base */,
			);
			name = Main.storyboard;
			sourceTree = "<group>";
		};
		7B11CB351BAE906200E15E74 /* LaunchScreen.storyboard */ = {
			isa = PBXVariantGroup;
			children = (
				7B11CB361BAE906200E15E74 /* Base */,
			);
			name = LaunchScreen.storyboard;
			sourceTree = "<group>";
		};
/* End PBXVariantGroup section */

/* Begin XCBuildConfiguration section */
		7B11CB441BAE906200E15E74 /* Debug */ = {
			isa = XCBuildConfiguration;
			buildSettings = {
				ALWAYS_SEARCH_USER_PATHS = NO;
				CLANG_CXX_LANGUAGE_STANDARD = "gnu++0x";
				CLANG_CXX_LIBRARY = "libc++";
				CLANG_ENABLE_MODULES = YES;
				CLANG_ENABLE_OBJC_ARC = YES;
				CLANG_WARN_BOOL_CONVERSION = YES;
				CLANG_WARN_CONSTANT_CONVERSION = YES;
				CLANG_WARN_DIRECT_OBJC_ISA_USAGE = YES_ERROR;
				CLANG_WARN_EMPTY_BODY = YES;
				CLANG_WARN_ENUM_CONVERSION = YES;
				CLANG_WARN_INT_CONVERSION = YES;
				CLANG_WARN_OBJC_ROOT_CLASS = YES_ERROR;
				CLANG_WARN_UNREACHABLE_CODE = YES;
				CLANG_WARN__DUPLICATE_METHOD_MATCH = YES;
				"CODE_SIGN_IDENTITY[sdk=iphoneos*]" = "iPhone Developer";
				COPY_PHASE_STRIP = NO;
				DEBUG_INFORMATION_FORMAT = dwarf;
				ENABLE_STRICT_OBJC_MSGSEND = YES;
				ENABLE_TESTABILITY = YES;
				GCC_C_LANGUAGE_STANDARD = gnu99;
				GCC_DYNAMIC_NO_PIC = NO;
				GCC_NO_COMMON_BLOCKS = YES;
				GCC_OPTIMIZATION_LEVEL = 0;
				GCC_PREPROCESSOR_DEFINITIONS = (
					"DEBUG=1",
					"$(inherited)",
				);
				GCC_WARN_64_TO_32_BIT_CONVERSION = YES;
				GCC_WARN_ABOUT_RETURN_TYPE = YES_ERROR;
				GCC_WARN_UNDECLARED_SELECTOR = YES;
				GCC_WARN_UNINITIALIZED_AUTOS = YES_AGGRESSIVE;
				GCC_WARN_UNUSED_FUNCTION = YES;
				GCC_WARN_UNUSED_VARIABLE = YES;
				IPHONEOS_DEPLOYMENT_TARGET = 9.0;
				MTL_ENABLE_DEBUG_INFO = YES;
				ONLY_ACTIVE_ARCH = YES;
				SDKROOT = iphoneos;
				SWIFT_OPTIMIZATION_LEVEL = "-Onone";
			};
			name = Debug;
		};
		7B11CB451BAE906200E15E74 /* Release */ = {
			isa = XCBuildConfiguration;
			buildSettings = {
				ALWAYS_SEARCH_USER_PATHS = NO;
				CLANG_CXX_LANGUAGE_STANDARD = "gnu++0x";
				CLANG_CXX_LIBRARY = "libc++";
				CLANG_ENABLE_MODULES = YES;
				CLANG_ENABLE_OBJC_ARC = YES;
				CLANG_WARN_BOOL_CONVERSION = YES;
				CLANG_WARN_CONSTANT_CONVERSION = YES;
				CLANG_WARN_DIRECT_OBJC_ISA_USAGE = YES_ERROR;
				CLANG_WARN_EMPTY_BODY = YES;
				CLANG_WARN_ENUM_CONVERSION = YES;
				CLANG_WARN_INT_CONVERSION = YES;
				CLANG_WARN_OBJC_ROOT_CLASS = YES_ERROR;
				CLANG_WARN_UNREACHABLE_CODE = YES;
				CLANG_WARN__DUPLICATE_METHOD_MATCH = YES;
				"CODE_SIGN_IDENTITY[sdk=iphoneos*]" = "iPhone Developer";
				COPY_PHASE_STRIP = NO;
				DEBUG_INFORMATION_FORMAT = "dwarf-with-dsym";
				ENABLE_NS_ASSERTIONS = NO;
				ENABLE_STRICT_OBJC_MSGSEND = YES;
				GCC_C_LANGUAGE_STANDARD = gnu99;
				GCC_NO_COMMON_BLOCKS = YES;
				GCC_WARN_64_TO_32_BIT_CONVERSION = YES;
				GCC_WARN_ABOUT_RETURN_TYPE = YES_ERROR;
				GCC_WARN_UNDECLARED_SELECTOR = YES;
				GCC_WARN_UNINITIALIZED_AUTOS = YES_AGGRESSIVE;
				GCC_WARN_UNUSED_FUNCTION = YES;
				GCC_WARN_UNUSED_VARIABLE = YES;
				IPHONEOS_DEPLOYMENT_TARGET = 9.0;
				MTL_ENABLE_DEBUG_INFO = NO;
				SDKROOT = iphoneos;
				VALIDATE_PRODUCT = YES;
			};
			name = Release;
		};
		7B11CB471BAE906200E15E74 /* Debug */ = {
			isa = XCBuildConfiguration;
			buildSettings = {
				ASSETCATALOG_COMPILER_APPICON_NAME = AppIcon;
				INFOPLIST_FILE = Examples/Info.plist;
				LD_RUNPATH_SEARCH_PATHS = "$(inherited) @executable_path/Frameworks";
				PRODUCT_BUNDLE_IDENTIFIER = com.justintan.Examples;
				PRODUCT_NAME = "$(TARGET_NAME)";
			};
			name = Debug;
		};
		7B11CB481BAE906200E15E74 /* Release */ = {
			isa = XCBuildConfiguration;
			buildSettings = {
				ASSETCATALOG_COMPILER_APPICON_NAME = AppIcon;
				INFOPLIST_FILE = Examples/Info.plist;
				LD_RUNPATH_SEARCH_PATHS = "$(inherited) @executable_path/Frameworks";
				PRODUCT_BUNDLE_IDENTIFIER = com.justintan.Examples;
				PRODUCT_NAME = "$(TARGET_NAME)";
			};
			name = Release;
		};
		7B11CB4A1BAE906200E15E74 /* Debug */ = {
			isa = XCBuildConfiguration;
			buildSettings = {
				INFOPLIST_FILE = ExamplesUITests/Info.plist;
				LD_RUNPATH_SEARCH_PATHS = "$(inherited) @executable_path/Frameworks @loader_path/Frameworks";
				PRODUCT_BUNDLE_IDENTIFIER = com.justintan.ExamplesUITests;
				PRODUCT_NAME = "$(TARGET_NAME)";
				TEST_TARGET_NAME = Examples;
				USES_XCTRUNNER = YES;
			};
			name = Debug;
		};
		7B11CB4B1BAE906200E15E74 /* Release */ = {
			isa = XCBuildConfiguration;
			buildSettings = {
				INFOPLIST_FILE = ExamplesUITests/Info.plist;
				LD_RUNPATH_SEARCH_PATHS = "$(inherited) @executable_path/Frameworks @loader_path/Frameworks";
				PRODUCT_BUNDLE_IDENTIFIER = com.justintan.ExamplesUITests;
				PRODUCT_NAME = "$(TARGET_NAME)";
				TEST_TARGET_NAME = Examples;
				USES_XCTRUNNER = YES;
			};
			name = Release;
		};
/* End XCBuildConfiguration section */

/* Begin XCConfigurationList section */
		7B11CB241BAE906200E15E74 /* Build configuration list for PBXProject "Examples" */ = {
			isa = XCConfigurationList;
			buildConfigurations = (
				7B11CB441BAE906200E15E74 /* Debug */,
				7B11CB451BAE906200E15E74 /* Release */,
			);
			defaultConfigurationIsVisible = 0;
			defaultConfigurationName = Release;
		};
		7B11CB461BAE906200E15E74 /* Build configuration list for PBXNativeTarget "Examples" */ = {
			isa = XCConfigurationList;
			buildConfigurations = (
				7B11CB471BAE906200E15E74 /* Debug */,
				7B11CB481BAE906200E15E74 /* Release */,
			);
			defaultConfigurationIsVisible = 0;
			defaultConfigurationName = Release;
		};
		7B11CB491BAE906200E15E74 /* Build configuration list for PBXNativeTarget "ExamplesUITests" */ = {
			isa = XCConfigurationList;
			buildConfigurations = (
				7B11CB4A1BAE906200E15E74 /* Debug */,
				7B11CB4B1BAE906200E15E74 /* Release */,
			);
			defaultConfigurationIsVisible = 0;
			defaultConfigurationName = Release;
		};
/* End XCConfigurationList section */
	};
	rootObject = 7B11CB211BAE906200E15E74 /* Project object */;
}
